
Microsoft Visual Studio Solution File, Format Version 12.00
# Visual Studio 2012
Project("{FAE04EC0-301F-11D3-BF4B-00C04F79EFBC}") = "Capstone_One__Pig_Latin", "Capstone_One__Pig_Latin\Capstone_One__Pig_Latin.csproj", "{4D6A139A-3144-44B3-865E-584FB5B01605}"
EndProject
Global
	GlobalSection(SolutionConfigurationPlatforms) = preSolution
		Debug|Any CPU = Debug|Any CPU
		Release|Any CPU = Release|Any CPU
	EndGlobalSection
	GlobalSection(ProjectConfigurationPlatforms) = postSolution
		{4D6A139A-3144-44B3-865E-584FB5B01605}.Debug|Any CPU.ActiveCfg = Debug|Any CPU
		{4D6A139A-3144-44B3-865E-584FB5B01605}.Debug|Any CPU.Build.0 = Debug|Any CPU
		{4D6A139A-3144-44B3-865E-584FB5B01605}.Release|Any CPU.ActiveCfg = Release|Any CPU
		{4D6A139A-3144-44B3-865E-584FB5B01605}.Release|Any CPU.Build.0 = Release|Any CPU
	EndGlobalSection
EndGlobal
